<?xml version="1.0" encoding="UTF-8"?>
<CONFIG>
  <ProjectOptions>
    <Version Value="9"/>
    <General>
      <SessionStorage Value="InProjectDir"/>
      <MainUnit Value="0"/>
      <Title Value="DING"/>
      <ResourceType Value="res"/>
      <UseXPManifest Value="True"/>
      <Icon Value="0"/>
    </General>
    <LazDoc Paths="doc"/>
    <i18n>
      <EnableI18N LFM="False"/>
    </i18n>
    <VersionInfo>
      <StringTable ProductVersion=""/>
    </VersionInfo>
    <BuildModes Count="1">
      <Item1 Name="Default" Default="True"/>
    </BuildModes>
    <PublishOptions>
      <Version Value="2"/>
      <IncludeFileFilter Value="*.(pas|pp|inc|lfm|lpr|lrs|lpi|lpk|sh|xml)"/>
      <ExcludeFileFilter Value="*.(bak|ppu|o|so);*~;backup"/>
    </PublishOptions>
    <RunParams>
      <local>
        <FormatVersion Value="1"/>
        <Display Value=":1"/>
      </local>
    </RunParams>
    <Units Count="42">
      <Unit0>
        <Filename Value="DING.lpr"/>
        <IsPartOfProject Value="True"/>
      </Unit0>
      <Unit1>
        <Filename Value="convenience.pas"/>
        <IsPartOfProject Value="True"/>
      </Unit1>
      <Unit2>
        <Filename Value="enginecamera.pas"/>
        <IsPartOfProject Value="True"/>
        <UnitName Value="EngineCamera"/>
      </Unit2>
      <Unit3>
        <Filename Value="enginedevice.pas"/>
        <IsPartOfProject Value="True"/>
      </Unit3>
      <Unit4>
        <Filename Value="engineform.pas"/>
        <IsPartOfProject Value="True"/>
        <ComponentName Value="EngineForm"/>
        <HasResources Value="True"/>
        <ResourceBaseClass Value="Form"/>
        <UnitName Value="EngineForm"/>
      </Unit4>
      <Unit5>
        <Filename Value="engineinput.pas"/>
        <IsPartOfProject Value="True"/>
        <UnitName Value="EngineInput"/>
      </Unit5>
      <Unit6>
        <Filename Value="engineobject.pas"/>
        <IsPartOfProject Value="True"/>
      </Unit6>
      <Unit7>
        <Filename Value="engineport.pas"/>
        <IsPartOfProject Value="True"/>
        <UnitName Value="EnginePort"/>
      </Unit7>
      <Unit8>
        <Filename Value="enginethread.pas"/>
        <IsPartOfProject Value="True"/>
        <UnitName Value="EngineThread"/>
      </Unit8>
      <Unit9>
        <Filename Value="enginetypes.pas"/>
        <IsPartOfProject Value="True"/>
      </Unit9>
      <Unit10>
        <Filename Value="enginegui.pas"/>
        <IsPartOfProject Value="True"/>
      </Unit10>
      <Unit11>
        <Filename Value="enginedebug.pas"/>
        <IsPartOfProject Value="True"/>
      </Unit11>
      <Unit12>
        <Filename Value="portengproj.pas"/>
        <IsPartOfProject Value="True"/>
      </Unit12>
      <Unit13>
        <Filename Value="enginetimer.pas"/>
        <IsPartOfProject Value="True"/>
        <UnitName Value="EngineTimer"/>
      </Unit13>
      <Unit14>
        <Filename Value="engineunit.pas"/>
        <IsPartOfProject Value="True"/>
        <UnitName Value="EngineUnit"/>
      </Unit14>
      <Unit15>
        <Filename Value="engineresource.pas"/>
        <IsPartOfProject Value="True"/>
      </Unit15>
      <Unit16>
        <Filename Value="enginedatatypes.pas"/>
        <IsPartOfProject Value="True"/>
      </Unit16>
      <Unit17>
        <Filename Value="gamecontext.pas"/>
        <IsPartOfProject Value="True"/>
      </Unit17>
      <Unit18>
        <Filename Value="enginemath.pas"/>
        <IsPartOfProject Value="True"/>
      </Unit18>
      <Unit19>
        <Filename Value="enginetext.pas"/>
        <IsPartOfProject Value="True"/>
      </Unit19>
      <Unit20>
        <Filename Value="engineglcontext.pas"/>
        <IsPartOfProject Value="True"/>
      </Unit20>
      <Unit21>
        <Filename Value="diyftgl.pas"/>
        <IsPartOfProject Value="True"/>
        <UnitName Value="diyftgl"/>
      </Unit21>
      <Unit22>
        <Filename Value="engineshader.pas"/>
        <IsPartOfProject Value="True"/>
      </Unit22>
      <Unit23>
        <Filename Value="enginefacilities.pas"/>
        <IsPartOfProject Value="True"/>
      </Unit23>
      <Unit24>
        <Filename Value="engineresourcecolour.pas"/>
        <IsPartOfProject Value="True"/>
      </Unit24>
      <Unit25>
        <Filename Value="engineresourcetexture.pas"/>
        <IsPartOfProject Value="True"/>
      </Unit25>
      <Unit26>
        <Filename Value="gamegui.pas"/>
        <IsPartOfProject Value="True"/>
      </Unit26>
      <Unit27>
        <Filename Value="enginetextureloader.pas"/>
        <IsPartOfProject Value="True"/>
      </Unit27>
      <Unit28>
        <Filename Value="engineresourceloader.pas"/>
        <IsPartOfProject Value="True"/>
      </Unit28>
      <Unit29>
        <Filename Value="enginemodelloader.pas"/>
        <IsPartOfProject Value="True"/>
      </Unit29>
      <Unit30>
        <Filename Value="engineshaderbuilder.pas"/>
        <IsPartOfProject Value="True"/>
      </Unit30>
      <Unit31>
        <Filename Value="enginediskcache.pas"/>
        <IsPartOfProject Value="True"/>
      </Unit31>
      <Unit32>
        <Filename Value="enginestrings.pas"/>
        <IsPartOfProject Value="True"/>
      </Unit32>
      <Unit33>
        <Filename Value="enginememory.pas"/>
        <IsPartOfProject Value="True"/>
        <UnitName Value="EngineMemory"/>
      </Unit33>
      <Unit34>
        <Filename Value="enginestringcomparer.pas"/>
        <IsPartOfProject Value="True"/>
      </Unit34>
      <Unit35>
        <Filename Value="enginefileutils.pas"/>
        <IsPartOfProject Value="True"/>
      </Unit35>
      <Unit36>
        <Filename Value="engineworld.pas"/>
        <IsPartOfProject Value="True"/>
        <UnitName Value="EngineWorld"/>
      </Unit36>
      <Unit37>
        <Filename Value="gameunit.pas"/>
        <IsPartOfProject Value="True"/>
      </Unit37>
      <Unit38>
        <Filename Value="gamespell.pas"/>
        <IsPartOfProject Value="True"/>
      </Unit38>
      <Unit39>
        <Filename Value="gamestats.pas"/>
        <IsPartOfProject Value="True"/>
      </Unit39>
      <Unit40>
        <Filename Value="enginemousekeyboard.pas"/>
        <IsPartOfProject Value="True"/>
      </Unit40>
      <Unit41>
        <Filename Value="engineshape.pas"/>
        <IsPartOfProject Value="True"/>
      </Unit41>
    </Units>
  </ProjectOptions>
  <CompilerOptions>
    <Version Value="11"/>
    <Target>
      <Filename Value="out/$(TargetCPU)-$(TargetOS)/DING"/>
    </Target>
    <SearchPaths>
      <IncludeFiles Value="$(ProjOutDir)"/>
      <Libraries Value="c/out"/>
      <OtherUnitFiles Value="uses;uses/sdl2"/>
      <UnitOutputDirectory Value="lib/$(TargetCPU)-$(TargetOS)"/>
    </SearchPaths>
    <CodeGeneration>
      <SmartLinkUnit Value="True"/>
    </CodeGeneration>
    <Linking>
      <Debugging>
        <UseExternalDbgSyms Value="True"/>
      </Debugging>
      <LinkSmart Value="True"/>
      <Options>
        <Win32>
          <GraphicApplication Value="True"/>
        </Win32>
      </Options>
    </Linking>
    <Other>
      <CustomOptions Value="-dENGINEDEBUG"/>
      <ExecuteBefore>
        <ShowAllMessages Value="True"/>
      </ExecuteBefore>
    </Other>
  </CompilerOptions>
  <Debugging>
    <Exceptions Count="3">
      <Item1>
        <Name Value="EAbort"/>
      </Item1>
      <Item2>
        <Name Value="ECodetoolError"/>
      </Item2>
      <Item3>
        <Name Value="EFOpenError"/>
      </Item3>
    </Exceptions>
  </Debugging>
</CONFIG>
